// !$*UTF8*$!
{
	archiveVersion = 1;
	classes = {
	};
	objectVersion = 51;
	objects = {

/* Begin PBXBuildFile section */
		15FC1AEAB9D82106B06A2B24 /* Pods_WatchPartyFinal_WatchPartyFinalUITests.framework in Frameworks */ = {isa = PBXBuildFile; fileRef = 9B5E4481AE9CF8792B59567E /* Pods_WatchPartyFinal_WatchPartyFinalUITests.framework */; };
		247C471D21088492EF8E1360 /* Pods_WatchPartyFinal.framework in Frameworks */ = {isa = PBXBuildFile; fileRef = 2C34732AB5D249C4B5D56D28 /* Pods_WatchPartyFinal.framework */; };
		403EE0DD2458EA440066A834 /* SwipeMoviesViewController.swift in Sources */ = {isa = PBXBuildFile; fileRef = 403EE0DC2458EA440066A834 /* SwipeMoviesViewController.swift */; };
		408525E72456318200D54AD4 /* AppDelegate.swift in Sources */ = {isa = PBXBuildFile; fileRef = 408525E62456318200D54AD4 /* AppDelegate.swift */; };
		408525E92456318200D54AD4 /* SceneDelegate.swift in Sources */ = {isa = PBXBuildFile; fileRef = 408525E82456318200D54AD4 /* SceneDelegate.swift */; };
		408525EB2456318200D54AD4 /* ViewController.swift in Sources */ = {isa = PBXBuildFile; fileRef = 408525EA2456318200D54AD4 /* ViewController.swift */; };
		408525EE2456318200D54AD4 /* Main.storyboard in Resources */ = {isa = PBXBuildFile; fileRef = 408525EC2456318200D54AD4 /* Main.storyboard */; };
		408525F02456318400D54AD4 /* Assets.xcassets in Resources */ = {isa = PBXBuildFile; fileRef = 408525EF2456318400D54AD4 /* Assets.xcassets */; };
		408525F32456318400D54AD4 /* LaunchScreen.storyboard in Resources */ = {isa = PBXBuildFile; fileRef = 408525F12456318400D54AD4 /* LaunchScreen.storyboard */; };
		408525FE2456318400D54AD4 /* WatchPartyFinalTests.swift in Sources */ = {isa = PBXBuildFile; fileRef = 408525FD2456318400D54AD4 /* WatchPartyFinalTests.swift */; };
		408526092456318400D54AD4 /* WatchPartyFinalUITests.swift in Sources */ = {isa = PBXBuildFile; fileRef = 408526082456318400D54AD4 /* WatchPartyFinalUITests.swift */; };
		40DC9F492458F881004ADCB7 /* The_Wolf_of_Wall_Street_(2013).png in Resources */ = {isa = PBXBuildFile; fileRef = 40DC9F482458F881004ADCB7 /* The_Wolf_of_Wall_Street_(2013).png */; };
		58297763DF3109283C112129 /* Pods_WatchPartyFinalTests.framework in Frameworks */ = {isa = PBXBuildFile; fileRef = 41D839AB014CC664939F2AF6 /* Pods_WatchPartyFinalTests.framework */; };
		6A0657D72457542A0006D2C2 /* LogInViewController.swift in Sources */ = {isa = PBXBuildFile; fileRef = 6A0657D62457542A0006D2C2 /* LogInViewController.swift */; };
		6A0657D9245754460006D2C2 /* SignUpViewController.swift in Sources */ = {isa = PBXBuildFile; fileRef = 6A0657D8245754460006D2C2 /* SignUpViewController.swift */; };
		6A0657DE24578F680006D2C2 /* GoogleService-Info.plist in Resources */ = {isa = PBXBuildFile; fileRef = 6A0657DD24578F680006D2C2 /* GoogleService-Info.plist */; };
		6A0D2A04245B388700EAB3B4 /* Spinner.swift in Sources */ = {isa = PBXBuildFile; fileRef = 6A0D2A03245B388700EAB3B4 /* Spinner.swift */; };
		6A2D18FE245A2B2100690362 /* PartyJoinViewController.swift in Sources */ = {isa = PBXBuildFile; fileRef = 6A2D18FD245A2B2100690362 /* PartyJoinViewController.swift */; };
		6A6F16B224589C3800601CC6 /* UIUtilities.swift in Sources */ = {isa = PBXBuildFile; fileRef = 6A6F16B124589C3800601CC6 /* UIUtilities.swift */; };
		92FF58472457FB7300291CC6 /* PartyManagementViewController.swift in Sources */ = {isa = PBXBuildFile; fileRef = 92FF58462457FB7300291CC6 /* PartyManagementViewController.swift */; };
		92FF58492457FBDA00291CC6 /* PartySelectionTableViewController.swift in Sources */ = {isa = PBXBuildFile; fileRef = 92FF58482457FBDA00291CC6 /* PartySelectionTableViewController.swift */; };
		92FF584B2457FEB800291CC6 /* PartyCreationViewController.swift in Sources */ = {isa = PBXBuildFile; fileRef = 92FF584A2457FEB800291CC6 /* PartyCreationViewController.swift */; };
		92FF584F24595BD900291CC6 /* MovieRequest.swift in Sources */ = {isa = PBXBuildFile; fileRef = 92FF584E24595BD900291CC6 /* MovieRequest.swift */; };
		92FF585324595D1400291CC6 /* Movie.swift in Sources */ = {isa = PBXBuildFile; fileRef = 92FF585224595D1400291CC6 /* Movie.swift */; };
		92FF5857245981C000291CC6 /* BucketListViewController.swift in Sources */ = {isa = PBXBuildFile; fileRef = 92FF5856245981C000291CC6 /* BucketListViewController.swift */; };
		92FF5859245982F500291CC6 /* RankingTableViewController.swift in Sources */ = {isa = PBXBuildFile; fileRef = 92FF5858245982F500291CC6 /* RankingTableViewController.swift */; };
		92FF585D245A6B8C00291CC6 /* MovieRankTableViewCell.swift in Sources */ = {isa = PBXBuildFile; fileRef = 92FF585C245A6B8C00291CC6 /* MovieRankTableViewCell.swift */; };
		92FF5861245A96D200291CC6 /* MemberTableViewController.swift in Sources */ = {isa = PBXBuildFile; fileRef = 92FF5860245A96D200291CC6 /* MemberTableViewController.swift */; };
		92FF5863245A9EF900291CC6 /* MemberViewController.swift in Sources */ = {isa = PBXBuildFile; fileRef = 92FF5862245A9EF900291CC6 /* MemberViewController.swift */; };
/* End PBXBuildFile section */

/* Begin PBXContainerItemProxy section */
		408525FA2456318400D54AD4 /* PBXContainerItemProxy */ = {
			isa = PBXContainerItemProxy;
			containerPortal = 408525DB2456318200D54AD4 /* Project object */;
			proxyType = 1;
			remoteGlobalIDString = 408525E22456318200D54AD4;
			remoteInfo = WatchPartyFinal;
		};
		408526052456318400D54AD4 /* PBXContainerItemProxy */ = {
			isa = PBXContainerItemProxy;
			containerPortal = 408525DB2456318200D54AD4 /* Project object */;
			proxyType = 1;
			remoteGlobalIDString = 408525E22456318200D54AD4;
			remoteInfo = WatchPartyFinal;
		};
/* End PBXContainerItemProxy section */

/* Begin PBXFileReference section */
		0EE9F89248E4FA29861E06B0 /* Pods-WatchPartyFinalTests.release.xcconfig */ = {isa = PBXFileReference; includeInIndex = 1; lastKnownFileType = text.xcconfig; name = "Pods-WatchPartyFinalTests.release.xcconfig"; path = "Target Support Files/Pods-WatchPartyFinalTests/Pods-WatchPartyFinalTests.release.xcconfig"; sourceTree = "<group>"; };
		286225293032398ABD911ACC /* Pods-WatchPartyFinal-WatchPartyFinalUITests.release.xcconfig */ = {isa = PBXFileReference; includeInIndex = 1; lastKnownFileType = text.xcconfig; name = "Pods-WatchPartyFinal-WatchPartyFinalUITests.release.xcconfig"; path = "Target Support Files/Pods-WatchPartyFinal-WatchPartyFinalUITests/Pods-WatchPartyFinal-WatchPartyFinalUITests.release.xcconfig"; sourceTree = "<group>"; };
		2C34732AB5D249C4B5D56D28 /* Pods_WatchPartyFinal.framework */ = {isa = PBXFileReference; explicitFileType = wrapper.framework; includeInIndex = 0; path = Pods_WatchPartyFinal.framework; sourceTree = BUILT_PRODUCTS_DIR; };
		403EE0DC2458EA440066A834 /* SwipeMoviesViewController.swift */ = {isa = PBXFileReference; lastKnownFileType = sourcecode.swift; path = SwipeMoviesViewController.swift; sourceTree = "<group>"; };
		408525E32456318200D54AD4 /* WatchPartyFinal.app */ = {isa = PBXFileReference; explicitFileType = wrapper.application; includeInIndex = 0; path = WatchPartyFinal.app; sourceTree = BUILT_PRODUCTS_DIR; };
		408525E62456318200D54AD4 /* AppDelegate.swift */ = {isa = PBXFileReference; lastKnownFileType = sourcecode.swift; path = AppDelegate.swift; sourceTree = "<group>"; };
		408525E82456318200D54AD4 /* SceneDelegate.swift */ = {isa = PBXFileReference; lastKnownFileType = sourcecode.swift; path = SceneDelegate.swift; sourceTree = "<group>"; };
		408525EA2456318200D54AD4 /* ViewController.swift */ = {isa = PBXFileReference; lastKnownFileType = sourcecode.swift; path = ViewController.swift; sourceTree = "<group>"; };
		408525ED2456318200D54AD4 /* Base */ = {isa = PBXFileReference; lastKnownFileType = file.storyboard; name = Base; path = Base.lproj/Main.storyboard; sourceTree = "<group>"; };
		408525EF2456318400D54AD4 /* Assets.xcassets */ = {isa = PBXFileReference; lastKnownFileType = folder.assetcatalog; path = Assets.xcassets; sourceTree = "<group>"; };
		408525F22456318400D54AD4 /* Base */ = {isa = PBXFileReference; lastKnownFileType = file.storyboard; name = Base; path = Base.lproj/LaunchScreen.storyboard; sourceTree = "<group>"; };
		408525F42456318400D54AD4 /* Info.plist */ = {isa = PBXFileReference; lastKnownFileType = text.plist.xml; path = Info.plist; sourceTree = "<group>"; };
		408525F92456318400D54AD4 /* WatchPartyFinalTests.xctest */ = {isa = PBXFileReference; explicitFileType = wrapper.cfbundle; includeInIndex = 0; path = WatchPartyFinalTests.xctest; sourceTree = BUILT_PRODUCTS_DIR; };
		408525FD2456318400D54AD4 /* WatchPartyFinalTests.swift */ = {isa = PBXFileReference; lastKnownFileType = sourcecode.swift; path = WatchPartyFinalTests.swift; sourceTree = "<group>"; };
		408525FF2456318400D54AD4 /* Info.plist */ = {isa = PBXFileReference; lastKnownFileType = text.plist.xml; path = Info.plist; sourceTree = "<group>"; };
		408526042456318400D54AD4 /* WatchPartyFinalUITests.xctest */ = {isa = PBXFileReference; explicitFileType = wrapper.cfbundle; includeInIndex = 0; path = WatchPartyFinalUITests.xctest; sourceTree = BUILT_PRODUCTS_DIR; };
		408526082456318400D54AD4 /* WatchPartyFinalUITests.swift */ = {isa = PBXFileReference; lastKnownFileType = sourcecode.swift; path = WatchPartyFinalUITests.swift; sourceTree = "<group>"; };
		4085260A2456318400D54AD4 /* Info.plist */ = {isa = PBXFileReference; lastKnownFileType = text.plist.xml; path = Info.plist; sourceTree = "<group>"; };
		40DC9F482458F881004ADCB7 /* The_Wolf_of_Wall_Street_(2013).png */ = {isa = PBXFileReference; lastKnownFileType = image.png; path = "The_Wolf_of_Wall_Street_(2013).png"; sourceTree = "<group>"; };
		41D839AB014CC664939F2AF6 /* Pods_WatchPartyFinalTests.framework */ = {isa = PBXFileReference; explicitFileType = wrapper.framework; includeInIndex = 0; path = Pods_WatchPartyFinalTests.framework; sourceTree = BUILT_PRODUCTS_DIR; };
		43C7804B30F579594ABB8890 /* Pods-WatchPartyFinal-WatchPartyFinalUITests.debug.xcconfig */ = {isa = PBXFileReference; includeInIndex = 1; lastKnownFileType = text.xcconfig; name = "Pods-WatchPartyFinal-WatchPartyFinalUITests.debug.xcconfig"; path = "Target Support Files/Pods-WatchPartyFinal-WatchPartyFinalUITests/Pods-WatchPartyFinal-WatchPartyFinalUITests.debug.xcconfig"; sourceTree = "<group>"; };
		5B6C318C4A7E7E091D835B2E /* Pods-WatchPartyFinal.debug.xcconfig */ = {isa = PBXFileReference; includeInIndex = 1; lastKnownFileType = text.xcconfig; name = "Pods-WatchPartyFinal.debug.xcconfig"; path = "Target Support Files/Pods-WatchPartyFinal/Pods-WatchPartyFinal.debug.xcconfig"; sourceTree = "<group>"; };
		6A0657D62457542A0006D2C2 /* LogInViewController.swift */ = {isa = PBXFileReference; lastKnownFileType = sourcecode.swift; path = LogInViewController.swift; sourceTree = "<group>"; };
		6A0657D8245754460006D2C2 /* SignUpViewController.swift */ = {isa = PBXFileReference; lastKnownFileType = sourcecode.swift; path = SignUpViewController.swift; sourceTree = "<group>"; };
		6A0657DD24578F680006D2C2 /* GoogleService-Info.plist */ = {isa = PBXFileReference; fileEncoding = 4; lastKnownFileType = text.plist.xml; path = "GoogleService-Info.plist"; sourceTree = "<group>"; };
		6A0D2A03245B388700EAB3B4 /* Spinner.swift */ = {isa = PBXFileReference; lastKnownFileType = sourcecode.swift; path = Spinner.swift; sourceTree = "<group>"; };
		6A2D18FD245A2B2100690362 /* PartyJoinViewController.swift */ = {isa = PBXFileReference; lastKnownFileType = sourcecode.swift; path = PartyJoinViewController.swift; sourceTree = "<group>"; };
		6A6F16B124589C3800601CC6 /* UIUtilities.swift */ = {isa = PBXFileReference; lastKnownFileType = sourcecode.swift; path = UIUtilities.swift; sourceTree = "<group>"; };
		6A6F16B62458BF3200601CC6 /* logInVideo.mp4 */ = {isa = PBXFileReference; lastKnownFileType = file; name = logInVideo.mp4; path = ../../../../../../../Downloads/logInVideo.mp4; sourceTree = "<group>"; };
		92FF58462457FB7300291CC6 /* PartyManagementViewController.swift */ = {isa = PBXFileReference; lastKnownFileType = sourcecode.swift; path = PartyManagementViewController.swift; sourceTree = "<group>"; };
		92FF58482457FBDA00291CC6 /* PartySelectionTableViewController.swift */ = {isa = PBXFileReference; lastKnownFileType = sourcecode.swift; path = PartySelectionTableViewController.swift; sourceTree = "<group>"; };
		92FF584A2457FEB800291CC6 /* PartyCreationViewController.swift */ = {isa = PBXFileReference; lastKnownFileType = sourcecode.swift; path = PartyCreationViewController.swift; sourceTree = "<group>"; };
		92FF584E24595BD900291CC6 /* MovieRequest.swift */ = {isa = PBXFileReference; lastKnownFileType = sourcecode.swift; path = MovieRequest.swift; sourceTree = "<group>"; };
		92FF585224595D1400291CC6 /* Movie.swift */ = {isa = PBXFileReference; lastKnownFileType = sourcecode.swift; path = Movie.swift; sourceTree = "<group>"; };
		92FF5856245981C000291CC6 /* BucketListViewController.swift */ = {isa = PBXFileReference; lastKnownFileType = sourcecode.swift; path = BucketListViewController.swift; sourceTree = "<group>"; };
		92FF5858245982F500291CC6 /* RankingTableViewController.swift */ = {isa = PBXFileReference; lastKnownFileType = sourcecode.swift; path = RankingTableViewController.swift; sourceTree = "<group>"; };
		92FF585C245A6B8C00291CC6 /* MovieRankTableViewCell.swift */ = {isa = PBXFileReference; lastKnownFileType = sourcecode.swift; path = MovieRankTableViewCell.swift; sourceTree = "<group>"; };
		92FF5860245A96D200291CC6 /* MemberTableViewController.swift */ = {isa = PBXFileReference; lastKnownFileType = sourcecode.swift; path = MemberTableViewController.swift; sourceTree = "<group>"; };
		92FF5862245A9EF900291CC6 /* MemberViewController.swift */ = {isa = PBXFileReference; lastKnownFileType = sourcecode.swift; path = MemberViewController.swift; sourceTree = "<group>"; };
		9B5E4481AE9CF8792B59567E /* Pods_WatchPartyFinal_WatchPartyFinalUITests.framework */ = {isa = PBXFileReference; explicitFileType = wrapper.framework; includeInIndex = 0; path = Pods_WatchPartyFinal_WatchPartyFinalUITests.framework; sourceTree = BUILT_PRODUCTS_DIR; };
		A09066467220B0D13175AB9A /* Pods-WatchPartyFinalTests.debug.xcconfig */ = {isa = PBXFileReference; includeInIndex = 1; lastKnownFileType = text.xcconfig; name = "Pods-WatchPartyFinalTests.debug.xcconfig"; path = "Target Support Files/Pods-WatchPartyFinalTests/Pods-WatchPartyFinalTests.debug.xcconfig"; sourceTree = "<group>"; };
		A49ECDE4B0A02A4B301A378A /* Pods-WatchPartyFinal.release.xcconfig */ = {isa = PBXFileReference; includeInIndex = 1; lastKnownFileType = text.xcconfig; name = "Pods-WatchPartyFinal.release.xcconfig"; path = "Target Support Files/Pods-WatchPartyFinal/Pods-WatchPartyFinal.release.xcconfig"; sourceTree = "<group>"; };
/* End PBXFileReference section */

/* Begin PBXFrameworksBuildPhase section */
		408525E02456318200D54AD4 /* Frameworks */ = {
			isa = PBXFrameworksBuildPhase;
			buildActionMask = 2147483647;
			files = (
				247C471D21088492EF8E1360 /* Pods_WatchPartyFinal.framework in Frameworks */,
			);
			runOnlyForDeploymentPostprocessing = 0;
		};
		408525F62456318400D54AD4 /* Frameworks */ = {
			isa = PBXFrameworksBuildPhase;
			buildActionMask = 2147483647;
			files = (
				58297763DF3109283C112129 /* Pods_WatchPartyFinalTests.framework in Frameworks */,
			);
			runOnlyForDeploymentPostprocessing = 0;
		};
		408526012456318400D54AD4 /* Frameworks */ = {
			isa = PBXFrameworksBuildPhase;
			buildActionMask = 2147483647;
			files = (
				15FC1AEAB9D82106B06A2B24 /* Pods_WatchPartyFinal_WatchPartyFinalUITests.framework in Frameworks */,
			);
			runOnlyForDeploymentPostprocessing = 0;
		};
/* End PBXFrameworksBuildPhase section */

/* Begin PBXGroup section */
		408525DA2456318200D54AD4 = {
			isa = PBXGroup;
			children = (
				408525E52456318200D54AD4 /* WatchPartyFinal */,
				408525FC2456318400D54AD4 /* WatchPartyFinalTests */,
				408526072456318400D54AD4 /* WatchPartyFinalUITests */,
				408525E42456318200D54AD4 /* Products */,
				A3925D4C82550D69FBF000F6 /* Pods */,
				916682E7EA0EE871DD0B7BF5 /* Frameworks */,
			);
			sourceTree = "<group>";
		};
		408525E42456318200D54AD4 /* Products */ = {
			isa = PBXGroup;
			children = (
				408525E32456318200D54AD4 /* WatchPartyFinal.app */,
				408525F92456318400D54AD4 /* WatchPartyFinalTests.xctest */,
				408526042456318400D54AD4 /* WatchPartyFinalUITests.xctest */,
			);
			name = Products;
			sourceTree = "<group>";
		};
		408525E52456318200D54AD4 /* WatchPartyFinal */ = {
			isa = PBXGroup;
			children = (
				6A6F16B024589BD400601CC6 /* UI Utilities */,
				6A0657DD24578F680006D2C2 /* GoogleService-Info.plist */,
				408525E62456318200D54AD4 /* AppDelegate.swift */,
				6A6F16B62458BF3200601CC6 /* logInVideo.mp4 */,
				408525E82456318200D54AD4 /* SceneDelegate.swift */,
				408525EA2456318200D54AD4 /* ViewController.swift */,
				40DC9F482458F881004ADCB7 /* The_Wolf_of_Wall_Street_(2013).png */,
				408525EC2456318200D54AD4 /* Main.storyboard */,
				408525EF2456318400D54AD4 /* Assets.xcassets */,
				408525F12456318400D54AD4 /* LaunchScreen.storyboard */,
				408525F42456318400D54AD4 /* Info.plist */,
				92FF5864245A9F5400291CC6 /* AuthenticationViews */,
				92FF5867245A9FDE00291CC6 /* PartyViews */,
				403EE0DC2458EA440066A834 /* SwipeMoviesViewController.swift */,
				92FF5866245A9FBC00291CC6 /* BucketListViews */,
				92FF5865245A9F8B00291CC6 /* MemberViews */,
				92FF5868245A9FFE00291CC6 /* MovieAPI */,
			);
			path = WatchPartyFinal;
			sourceTree = "<group>";
		};
		408525FC2456318400D54AD4 /* WatchPartyFinalTests */ = {
			isa = PBXGroup;
			children = (
				408525FD2456318400D54AD4 /* WatchPartyFinalTests.swift */,
				408525FF2456318400D54AD4 /* Info.plist */,
			);
			path = WatchPartyFinalTests;
			sourceTree = "<group>";
		};
		408526072456318400D54AD4 /* WatchPartyFinalUITests */ = {
			isa = PBXGroup;
			children = (
				408526082456318400D54AD4 /* WatchPartyFinalUITests.swift */,
				4085260A2456318400D54AD4 /* Info.plist */,
			);
			path = WatchPartyFinalUITests;
			sourceTree = "<group>";
		};
		6A6F16B024589BD400601CC6 /* UI Utilities */ = {
			isa = PBXGroup;
			children = (
				6A6F16B124589C3800601CC6 /* UIUtilities.swift */,
				6A0D2A03245B388700EAB3B4 /* Spinner.swift */,
			);
			path = "UI Utilities";
			sourceTree = "<group>";
		};
		916682E7EA0EE871DD0B7BF5 /* Frameworks */ = {
			isa = PBXGroup;
			children = (
				2C34732AB5D249C4B5D56D28 /* Pods_WatchPartyFinal.framework */,
				9B5E4481AE9CF8792B59567E /* Pods_WatchPartyFinal_WatchPartyFinalUITests.framework */,
				41D839AB014CC664939F2AF6 /* Pods_WatchPartyFinalTests.framework */,
			);
			name = Frameworks;
			sourceTree = "<group>";
		};
		92FF5864245A9F5400291CC6 /* AuthenticationViews */ = {
			isa = PBXGroup;
			children = (
				6A0657D62457542A0006D2C2 /* LogInViewController.swift */,
				6A0657D8245754460006D2C2 /* SignUpViewController.swift */,
			);
			path = AuthenticationViews;
			sourceTree = "<group>";
		};
		92FF5865245A9F8B00291CC6 /* MemberViews */ = {
			isa = PBXGroup;
			children = (
				92FF5862245A9EF900291CC6 /* MemberViewController.swift */,
				92FF5860245A96D200291CC6 /* MemberTableViewController.swift */,
			);
			path = MemberViews;
			sourceTree = "<group>";
		};
		92FF5866245A9FBC00291CC6 /* BucketListViews */ = {
			isa = PBXGroup;
			children = (
				92FF5856245981C000291CC6 /* BucketListViewController.swift */,
				92FF5858245982F500291CC6 /* RankingTableViewController.swift */,
				92FF585C245A6B8C00291CC6 /* MovieRankTableViewCell.swift */,
			);
			path = BucketListViews;
			sourceTree = "<group>";
		};
		92FF5867245A9FDE00291CC6 /* PartyViews */ = {
			isa = PBXGroup;
			children = (
				92FF58462457FB7300291CC6 /* PartyManagementViewController.swift */,
				92FF58482457FBDA00291CC6 /* PartySelectionTableViewController.swift */,
				6A2D18FD245A2B2100690362 /* PartyJoinViewController.swift */,
				92FF584A2457FEB800291CC6 /* PartyCreationViewController.swift */,
			);
			path = PartyViews;
			sourceTree = "<group>";
		};
		92FF5868245A9FFE00291CC6 /* MovieAPI */ = {
			isa = PBXGroup;
			children = (
				92FF585224595D1400291CC6 /* Movie.swift */,
				92FF584E24595BD900291CC6 /* MovieRequest.swift */,
			);
			path = MovieAPI;
			sourceTree = "<group>";
		};
		A3925D4C82550D69FBF000F6 /* Pods */ = {
			isa = PBXGroup;
			children = (
				5B6C318C4A7E7E091D835B2E /* Pods-WatchPartyFinal.debug.xcconfig */,
				A49ECDE4B0A02A4B301A378A /* Pods-WatchPartyFinal.release.xcconfig */,
				43C7804B30F579594ABB8890 /* Pods-WatchPartyFinal-WatchPartyFinalUITests.debug.xcconfig */,
				286225293032398ABD911ACC /* Pods-WatchPartyFinal-WatchPartyFinalUITests.release.xcconfig */,
				A09066467220B0D13175AB9A /* Pods-WatchPartyFinalTests.debug.xcconfig */,
				0EE9F89248E4FA29861E06B0 /* Pods-WatchPartyFinalTests.release.xcconfig */,
			);
			path = Pods;
			sourceTree = "<group>";
		};
/* End PBXGroup section */

/* Begin PBXNativeTarget section */
		408525E22456318200D54AD4 /* WatchPartyFinal */ = {
			isa = PBXNativeTarget;
			buildConfigurationList = 4085260D2456318400D54AD4 /* Build configuration list for PBXNativeTarget "WatchPartyFinal" */;
			buildPhases = (
				B5FF5EDE73F1337D76B0AECC /* [CP] Check Pods Manifest.lock */,
				408525DF2456318200D54AD4 /* Sources */,
				408525E02456318200D54AD4 /* Frameworks */,
				408525E12456318200D54AD4 /* Resources */,
				4E818E1114F0FEDA2275EB94 /* [CP] Embed Pods Frameworks */,
			);
			buildRules = (
			);
			dependencies = (
			);
			name = WatchPartyFinal;
			productName = WatchPartyFinal;
			productReference = 408525E32456318200D54AD4 /* WatchPartyFinal.app */;
			productType = "com.apple.product-type.application";
		};
		408525F82456318400D54AD4 /* WatchPartyFinalTests */ = {
			isa = PBXNativeTarget;
			buildConfigurationList = 408526102456318400D54AD4 /* Build configuration list for PBXNativeTarget "WatchPartyFinalTests" */;
			buildPhases = (
				D90F3A3167C1D0965E38B39A /* [CP] Check Pods Manifest.lock */,
				408525F52456318400D54AD4 /* Sources */,
				408525F62456318400D54AD4 /* Frameworks */,
				408525F72456318400D54AD4 /* Resources */,
			);
			buildRules = (
			);
			dependencies = (
				408525FB2456318400D54AD4 /* PBXTargetDependency */,
			);
			name = WatchPartyFinalTests;
			productName = WatchPartyFinalTests;
			productReference = 408525F92456318400D54AD4 /* WatchPartyFinalTests.xctest */;
			productType = "com.apple.product-type.bundle.unit-test";
		};
		408526032456318400D54AD4 /* WatchPartyFinalUITests */ = {
			isa = PBXNativeTarget;
			buildConfigurationList = 408526132456318400D54AD4 /* Build configuration list for PBXNativeTarget "WatchPartyFinalUITests" */;
			buildPhases = (
				DE160389D48AF28E3CDEBF47 /* [CP] Check Pods Manifest.lock */,
				408526002456318400D54AD4 /* Sources */,
				408526012456318400D54AD4 /* Frameworks */,
				408526022456318400D54AD4 /* Resources */,
				549E2F0A077F023D4DE1E7FB /* [CP] Embed Pods Frameworks */,
			);
			buildRules = (
			);
			dependencies = (
				408526062456318400D54AD4 /* PBXTargetDependency */,
			);
			name = WatchPartyFinalUITests;
			productName = WatchPartyFinalUITests;
			productReference = 408526042456318400D54AD4 /* WatchPartyFinalUITests.xctest */;
			productType = "com.apple.product-type.bundle.ui-testing";
		};
/* End PBXNativeTarget section */

/* Begin PBXProject section */
		408525DB2456318200D54AD4 /* Project object */ = {
			isa = PBXProject;
			attributes = {
				LastSwiftUpdateCheck = 1140;
				LastUpgradeCheck = 1140;
				ORGANIZATIONNAME = "Nikhil Vaidyamath";
				TargetAttributes = {
					408525E22456318200D54AD4 = {
						CreatedOnToolsVersion = 11.4.1;
						LastSwiftMigration = 1130;
					};
					408525F82456318400D54AD4 = {
						CreatedOnToolsVersion = 11.4.1;
						TestTargetID = 408525E22456318200D54AD4;
					};
					408526032456318400D54AD4 = {
						CreatedOnToolsVersion = 11.4.1;
						TestTargetID = 408525E22456318200D54AD4;
					};
				};
			};
			buildConfigurationList = 408525DE2456318200D54AD4 /* Build configuration list for PBXProject "WatchPartyFinal" */;
			compatibilityVersion = "Xcode 9.3";
			developmentRegion = en;
			hasScannedForEncodings = 0;
			knownRegions = (
				en,
				Base,
			);
			mainGroup = 408525DA2456318200D54AD4;
			productRefGroup = 408525E42456318200D54AD4 /* Products */;
			projectDirPath = "";
			projectRoot = "";
			targets = (
				408525E22456318200D54AD4 /* WatchPartyFinal */,
				408525F82456318400D54AD4 /* WatchPartyFinalTests */,
				408526032456318400D54AD4 /* WatchPartyFinalUITests */,
			);
		};
/* End PBXProject section */

/* Begin PBXResourcesBuildPhase section */
		408525E12456318200D54AD4 /* Resources */ = {
			isa = PBXResourcesBuildPhase;
			buildActionMask = 2147483647;
			files = (
				408525F32456318400D54AD4 /* LaunchScreen.storyboard in Resources */,
				6A0657DE24578F680006D2C2 /* GoogleService-Info.plist in Resources */,
				40DC9F492458F881004ADCB7 /* The_Wolf_of_Wall_Street_(2013).png in Resources */,
				408525F02456318400D54AD4 /* Assets.xcassets in Resources */,
				408525EE2456318200D54AD4 /* Main.storyboard in Resources */,
			);
			runOnlyForDeploymentPostprocessing = 0;
		};
		408525F72456318400D54AD4 /* Resources */ = {
			isa = PBXResourcesBuildPhase;
			buildActionMask = 2147483647;
			files = (
			);
			runOnlyForDeploymentPostprocessing = 0;
		};
		408526022456318400D54AD4 /* Resources */ = {
			isa = PBXResourcesBuildPhase;
			buildActionMask = 2147483647;
			files = (
			);
			runOnlyForDeploymentPostprocessing = 0;
		};
/* End PBXResourcesBuildPhase section */

/* Begin PBXShellScriptBuildPhase section */
		4E818E1114F0FEDA2275EB94 /* [CP] Embed Pods Frameworks */ = {
			isa = PBXShellScriptBuildPhase;
			buildActionMask = 2147483647;
			files = (
			);
			inputFileListPaths = (
				"${PODS_ROOT}/Target Support Files/Pods-WatchPartyFinal/Pods-WatchPartyFinal-frameworks-${CONFIGURATION}-input-files.xcfilelist",
			);
			name = "[CP] Embed Pods Frameworks";
			outputFileListPaths = (
				"${PODS_ROOT}/Target Support Files/Pods-WatchPartyFinal/Pods-WatchPartyFinal-frameworks-${CONFIGURATION}-output-files.xcfilelist",
			);
			runOnlyForDeploymentPostprocessing = 0;
			shellPath = /bin/sh;
			shellScript = "\"${PODS_ROOT}/Target Support Files/Pods-WatchPartyFinal/Pods-WatchPartyFinal-frameworks.sh\"\n";
			showEnvVarsInLog = 0;
		};
		549E2F0A077F023D4DE1E7FB /* [CP] Embed Pods Frameworks */ = {
			isa = PBXShellScriptBuildPhase;
			buildActionMask = 2147483647;
			files = (
			);
			inputFileListPaths = (
				"${PODS_ROOT}/Target Support Files/Pods-WatchPartyFinal-WatchPartyFinalUITests/Pods-WatchPartyFinal-WatchPartyFinalUITests-frameworks-${CONFIGURATION}-input-files.xcfilelist",
			);
			name = "[CP] Embed Pods Frameworks";
			outputFileListPaths = (
				"${PODS_ROOT}/Target Support Files/Pods-WatchPartyFinal-WatchPartyFinalUITests/Pods-WatchPartyFinal-WatchPartyFinalUITests-frameworks-${CONFIGURATION}-output-files.xcfilelist",
			);
			runOnlyForDeploymentPostprocessing = 0;
			shellPath = /bin/sh;
			shellScript = "\"${PODS_ROOT}/Target Support Files/Pods-WatchPartyFinal-WatchPartyFinalUITests/Pods-WatchPartyFinal-WatchPartyFinalUITests-frameworks.sh\"\n";
			showEnvVarsInLog = 0;
		};
		B5FF5EDE73F1337D76B0AECC /* [CP] Check Pods Manifest.lock */ = {
			isa = PBXShellScriptBuildPhase;
			buildActionMask = 2147483647;
			files = (
			);
			inputFileListPaths = (
			);
			inputPaths = (
				"${PODS_PODFILE_DIR_PATH}/Podfile.lock",
				"${PODS_ROOT}/Manifest.lock",
			);
			name = "[CP] Check Pods Manifest.lock";
			outputFileListPaths = (
			);
			outputPaths = (
				"$(DERIVED_FILE_DIR)/Pods-WatchPartyFinal-checkManifestLockResult.txt",
			);
			runOnlyForDeploymentPostprocessing = 0;
			shellPath = /bin/sh;
			shellScript = "diff \"${PODS_PODFILE_DIR_PATH}/Podfile.lock\" \"${PODS_ROOT}/Manifest.lock\" > /dev/null\nif [ $? != 0 ] ; then\n    # print error to STDERR\n    echo \"error: The sandbox is not in sync with the Podfile.lock. Run 'pod install' or update your CocoaPods installation.\" >&2\n    exit 1\nfi\n# This output is used by Xcode 'outputs' to avoid re-running this script phase.\necho \"SUCCESS\" > \"${SCRIPT_OUTPUT_FILE_0}\"\n";
			showEnvVarsInLog = 0;
		};
		D90F3A3167C1D0965E38B39A /* [CP] Check Pods Manifest.lock */ = {
			isa = PBXShellScriptBuildPhase;
			buildActionMask = 2147483647;
			files = (
			);
			inputFileListPaths = (
			);
			inputPaths = (
				"${PODS_PODFILE_DIR_PATH}/Podfile.lock",
				"${PODS_ROOT}/Manifest.lock",
			);
			name = "[CP] Check Pods Manifest.lock";
			outputFileListPaths = (
			);
			outputPaths = (
				"$(DERIVED_FILE_DIR)/Pods-WatchPartyFinalTests-checkManifestLockResult.txt",
			);
			runOnlyForDeploymentPostprocessing = 0;
			shellPath = /bin/sh;
			shellScript = "diff \"${PODS_PODFILE_DIR_PATH}/Podfile.lock\" \"${PODS_ROOT}/Manifest.lock\" > /dev/null\nif [ $? != 0 ] ; then\n    # print error to STDERR\n    echo \"error: The sandbox is not in sync with the Podfile.lock. Run 'pod install' or update your CocoaPods installation.\" >&2\n    exit 1\nfi\n# This output is used by Xcode 'outputs' to avoid re-running this script phase.\necho \"SUCCESS\" > \"${SCRIPT_OUTPUT_FILE_0}\"\n";
			showEnvVarsInLog = 0;
		};
		DE160389D48AF28E3CDEBF47 /* [CP] Check Pods Manifest.lock */ = {
			isa = PBXShellScriptBuildPhase;
			buildActionMask = 2147483647;
			files = (
			);
			inputFileListPaths = (
			);
			inputPaths = (
				"${PODS_PODFILE_DIR_PATH}/Podfile.lock",
				"${PODS_ROOT}/Manifest.lock",
			);
			name = "[CP] Check Pods Manifest.lock";
			outputFileListPaths = (
			);
			outputPaths = (
				"$(DERIVED_FILE_DIR)/Pods-WatchPartyFinal-WatchPartyFinalUITests-checkManifestLockResult.txt",
			);
			runOnlyForDeploymentPostprocessing = 0;
			shellPath = /bin/sh;
			shellScript = "diff \"${PODS_PODFILE_DIR_PATH}/Podfile.lock\" \"${PODS_ROOT}/Manifest.lock\" > /dev/null\nif [ $? != 0 ] ; then\n    # print error to STDERR\n    echo \"error: The sandbox is not in sync with the Podfile.lock. Run 'pod install' or update your CocoaPods installation.\" >&2\n    exit 1\nfi\n# This output is used by Xcode 'outputs' to avoid re-running this script phase.\necho \"SUCCESS\" > \"${SCRIPT_OUTPUT_FILE_0}\"\n";
			showEnvVarsInLog = 0;
		};
/* End PBXShellScriptBuildPhase section */

/* Begin PBXSourcesBuildPhase section */
		408525DF2456318200D54AD4 /* Sources */ = {
			isa = PBXSourcesBuildPhase;
			buildActionMask = 2147483647;
			files = (
				92FF584B2457FEB800291CC6 /* PartyCreationViewController.swift in Sources */,
				408525EB2456318200D54AD4 /* ViewController.swift in Sources */,
				92FF5859245982F500291CC6 /* RankingTableViewController.swift in Sources */,
				92FF5863245A9EF900291CC6 /* MemberViewController.swift in Sources */,
				92FF5861245A96D200291CC6 /* MemberTableViewController.swift in Sources */,
				92FF585324595D1400291CC6 /* Movie.swift in Sources */,
				92FF584F24595BD900291CC6 /* MovieRequest.swift in Sources */,
				6A0D2A04245B388700EAB3B4 /* Spinner.swift in Sources */,
				92FF5857245981C000291CC6 /* BucketListViewController.swift in Sources */,
				92FF585D245A6B8C00291CC6 /* MovieRankTableViewCell.swift in Sources */,
				408525E72456318200D54AD4 /* AppDelegate.swift in Sources */,
				6A2D18FE245A2B2100690362 /* PartyJoinViewController.swift in Sources */,
				92FF58472457FB7300291CC6 /* PartyManagementViewController.swift in Sources */,
				403EE0DD2458EA440066A834 /* SwipeMoviesViewController.swift in Sources */,
				6A0657D72457542A0006D2C2 /* LogInViewController.swift in Sources */,
				408525E92456318200D54AD4 /* SceneDelegate.swift in Sources */,
				92FF58492457FBDA00291CC6 /* PartySelectionTableViewController.swift in Sources */,
				6A6F16B224589C3800601CC6 /* UIUtilities.swift in Sources */,
				6A0657D9245754460006D2C2 /* SignUpViewController.swift in Sources */,
			);
			runOnlyForDeploymentPostprocessing = 0;
		};
		408525F52456318400D54AD4 /* Sources */ = {
			isa = PBXSourcesBuildPhase;
			buildActionMask = 2147483647;
			files = (
				408525FE2456318400D54AD4 /* WatchPartyFinalTests.swift in Sources */,
			);
			runOnlyForDeploymentPostprocessing = 0;
		};
		408526002456318400D54AD4 /* Sources */ = {
			isa = PBXSourcesBuildPhase;
			buildActionMask = 2147483647;
			files = (
				408526092456318400D54AD4 /* WatchPartyFinalUITests.swift in Sources */,
			);
			runOnlyForDeploymentPostprocessing = 0;
		};
/* End PBXSourcesBuildPhase section */

/* Begin PBXTargetDependency section */
		408525FB2456318400D54AD4 /* PBXTargetDependency */ = {
			isa = PBXTargetDependency;
			target = 408525E22456318200D54AD4 /* WatchPartyFinal */;
			targetProxy = 408525FA2456318400D54AD4 /* PBXContainerItemProxy */;
		};
		408526062456318400D54AD4 /* PBXTargetDependency */ = {
			isa = PBXTargetDependency;
			target = 408525E22456318200D54AD4 /* WatchPartyFinal */;
			targetProxy = 408526052456318400D54AD4 /* PBXContainerItemProxy */;
		};
/* End PBXTargetDependency section */

/* Begin PBXVariantGroup section */
		408525EC2456318200D54AD4 /* Main.storyboard */ = {
			isa = PBXVariantGroup;
			children = (
				408525ED2456318200D54AD4 /* Base */,
			);
			name = Main.storyboard;
			sourceTree = "<group>";
		};
		408525F12456318400D54AD4 /* LaunchScreen.storyboard */ = {
			isa = PBXVariantGroup;
			children = (
				408525F22456318400D54AD4 /* Base */,
			);
			name = LaunchScreen.storyboard;
			sourceTree = "<group>";
		};
/* End PBXVariantGroup section */

/* Begin XCBuildConfiguration section */
		4085260B2456318400D54AD4 /* Debug */ = {
			isa = XCBuildConfiguration;
			buildSettings = {
				ALWAYS_SEARCH_USER_PATHS = NO;
				CLANG_ANALYZER_NONNULL = YES;
				CLANG_ANALYZER_NUMBER_OBJECT_CONVERSION = YES_AGGRESSIVE;
				CLANG_CXX_LANGUAGE_STANDARD = "gnu++14";
				CLANG_CXX_LIBRARY = "libc++";
				CLANG_ENABLE_MODULES = YES;
				CLANG_ENABLE_OBJC_ARC = YES;
				CLANG_ENABLE_OBJC_WEAK = YES;
				CLANG_WARN_BLOCK_CAPTURE_AUTORELEASING = YES;
				CLANG_WARN_BOOL_CONVERSION = YES;
				CLANG_WARN_COMMA = YES;
				CLANG_WARN_CONSTANT_CONVERSION = YES;
				CLANG_WARN_DEPRECATED_OBJC_IMPLEMENTATIONS = YES;
				CLANG_WARN_DIRECT_OBJC_ISA_USAGE = YES_ERROR;
				CLANG_WARN_DOCUMENTATION_COMMENTS = YES;
				CLANG_WARN_EMPTY_BODY = YES;
				CLANG_WARN_ENUM_CONVERSION = YES;
				CLANG_WARN_INFINITE_RECURSION = YES;
				CLANG_WARN_INT_CONVERSION = YES;
				CLANG_WARN_NON_LITERAL_NULL_CONVERSION = YES;
				CLANG_WARN_OBJC_IMPLICIT_RETAIN_SELF = YES;
				CLANG_WARN_OBJC_LITERAL_CONVERSION = YES;
				CLANG_WARN_OBJC_ROOT_CLASS = YES_ERROR;
				CLANG_WARN_RANGE_LOOP_ANALYSIS = YES;
				CLANG_WARN_STRICT_PROTOTYPES = YES;
				CLANG_WARN_SUSPICIOUS_MOVE = YES;
				CLANG_WARN_UNGUARDED_AVAILABILITY = YES_AGGRESSIVE;
				CLANG_WARN_UNREACHABLE_CODE = YES;
				CLANG_WARN__DUPLICATE_METHOD_MATCH = YES;
				COPY_PHASE_STRIP = NO;
				DEBUG_INFORMATION_FORMAT = dwarf;
				ENABLE_STRICT_OBJC_MSGSEND = YES;
				ENABLE_TESTABILITY = YES;
				GCC_C_LANGUAGE_STANDARD = gnu11;
				GCC_DYNAMIC_NO_PIC = NO;
				GCC_NO_COMMON_BLOCKS = YES;
				GCC_OPTIMIZATION_LEVEL = 0;
				GCC_PREPROCESSOR_DEFINITIONS = (
					"DEBUG=1",
					"$(inherited)",
				);
				GCC_WARN_64_TO_32_BIT_CONVERSION = YES;
				GCC_WARN_ABOUT_RETURN_TYPE = YES_ERROR;
				GCC_WARN_UNDECLARED_SELECTOR = YES;
				GCC_WARN_UNINITIALIZED_AUTOS = YES_AGGRESSIVE;
				GCC_WARN_UNUSED_FUNCTION = YES;
				GCC_WARN_UNUSED_VARIABLE = YES;
				IPHONEOS_DEPLOYMENT_TARGET = 13.4;
				MTL_ENABLE_DEBUG_INFO = INCLUDE_SOURCE;
				MTL_FAST_MATH = YES;
				ONLY_ACTIVE_ARCH = YES;
				SDKROOT = iphoneos;
				SWIFT_ACTIVE_COMPILATION_CONDITIONS = DEBUG;
				SWIFT_OPTIMIZATION_LEVEL = "-Onone";
			};
			name = Debug;
		};
		4085260C2456318400D54AD4 /* Release */ = {
			isa = XCBuildConfiguration;
			buildSettings = {
				ALWAYS_SEARCH_USER_PATHS = NO;
				CLANG_ANALYZER_NONNULL = YES;
				CLANG_ANALYZER_NUMBER_OBJECT_CONVERSION = YES_AGGRESSIVE;
				CLANG_CXX_LANGUAGE_STANDARD = "gnu++14";
				CLANG_CXX_LIBRARY = "libc++";
				CLANG_ENABLE_MODULES = YES;
				CLANG_ENABLE_OBJC_ARC = YES;
				CLANG_ENABLE_OBJC_WEAK = YES;
				CLANG_WARN_BLOCK_CAPTURE_AUTORELEASING = YES;
				CLANG_WARN_BOOL_CONVERSION = YES;
				CLANG_WARN_COMMA = YES;
				CLANG_WARN_CONSTANT_CONVERSION = YES;
				CLANG_WARN_DEPRECATED_OBJC_IMPLEMENTATIONS = YES;
				CLANG_WARN_DIRECT_OBJC_ISA_USAGE = YES_ERROR;
				CLANG_WARN_DOCUMENTATION_COMMENTS = YES;
				CLANG_WARN_EMPTY_BODY = YES;
				CLANG_WARN_ENUM_CONVERSION = YES;
				CLANG_WARN_INFINITE_RECURSION = YES;
				CLANG_WARN_INT_CONVERSION = YES;
				CLANG_WARN_NON_LITERAL_NULL_CONVERSION = YES;
				CLANG_WARN_OBJC_IMPLICIT_RETAIN_SELF = YES;
				CLANG_WARN_OBJC_LITERAL_CONVERSION = YES;
				CLANG_WARN_OBJC_ROOT_CLASS = YES_ERROR;
				CLANG_WARN_RANGE_LOOP_ANALYSIS = YES;
				CLANG_WARN_STRICT_PROTOTYPES = YES;
				CLANG_WARN_SUSPICIOUS_MOVE = YES;
				CLANG_WARN_UNGUARDED_AVAILABILITY = YES_AGGRESSIVE;
				CLANG_WARN_UNREACHABLE_CODE = YES;
				CLANG_WARN__DUPLICATE_METHOD_MATCH = YES;
				COPY_PHASE_STRIP = NO;
				DEBUG_INFORMATION_FORMAT = "dwarf-with-dsym";
				ENABLE_NS_ASSERTIONS = NO;
				ENABLE_STRICT_OBJC_MSGSEND = YES;
				GCC_C_LANGUAGE_STANDARD = gnu11;
				GCC_NO_COMMON_BLOCKS = YES;
				GCC_WARN_64_TO_32_BIT_CONVERSION = YES;
				GCC_WARN_ABOUT_RETURN_TYPE = YES_ERROR;
				GCC_WARN_UNDECLARED_SELECTOR = YES;
				GCC_WARN_UNINITIALIZED_AUTOS = YES_AGGRESSIVE;
				GCC_WARN_UNUSED_FUNCTION = YES;
				GCC_WARN_UNUSED_VARIABLE = YES;
				IPHONEOS_DEPLOYMENT_TARGET = 13.4;
				MTL_ENABLE_DEBUG_INFO = NO;
				MTL_FAST_MATH = YES;
				SDKROOT = iphoneos;
				SWIFT_COMPILATION_MODE = wholemodule;
				SWIFT_OPTIMIZATION_LEVEL = "-O";
				VALIDATE_PRODUCT = YES;
			};
			name = Release;
		};
		4085260E2456318400D54AD4 /* Debug */ = {
			isa = XCBuildConfiguration;
			baseConfigurationReference = 5B6C318C4A7E7E091D835B2E /* Pods-WatchPartyFinal.debug.xcconfig */;
			buildSettings = {
				ASSETCATALOG_COMPILER_APPICON_NAME = AppIcon;
				CLANG_ENABLE_MODULES = YES;
				CODE_SIGN_STYLE = Automatic;
				DEVELOPMENT_TEAM = "";
				INFOPLIST_FILE = WatchPartyFinal/Info.plist;
				IPHONEOS_DEPLOYMENT_TARGET = 13.2;
				LD_RUNPATH_SEARCH_PATHS = (
					"$(inherited)",
					"@executable_path/Frameworks",
				);
				PRODUCT_BUNDLE_IDENTIFIER = WatchParty.WatchPartyFinal;
				PRODUCT_NAME = "$(TARGET_NAME)";
				SWIFT_OPTIMIZATION_LEVEL = "-Onone";
				SWIFT_VERSION = 5.0;
				TARGETED_DEVICE_FAMILY = "1,2";
			};
			name = Debug;
		};
		4085260F2456318400D54AD4 /* Release */ = {
			isa = XCBuildConfiguration;
			baseConfigurationReference = A49ECDE4B0A02A4B301A378A /* Pods-WatchPartyFinal.release.xcconfig */;
			buildSettings = {
				ASSETCATALOG_COMPILER_APPICON_NAME = AppIcon;
				CLANG_ENABLE_MODULES = YES;
				CODE_SIGN_STYLE = Automatic;
				DEVELOPMENT_TEAM = "";
				INFOPLIST_FILE = WatchPartyFinal/Info.plist;
				IPHONEOS_DEPLOYMENT_TARGET = 13.2;
				LD_RUNPATH_SEARCH_PATHS = (
					"$(inherited)",
					"@executable_path/Frameworks",
				);
				PRODUCT_BUNDLE_IDENTIFIER = WatchParty.WatchPartyFinal;
				PRODUCT_NAME = "$(TARGET_NAME)";
				SWIFT_VERSION = 5.0;
				TARGETED_DEVICE_FAMILY = "1,2";
			};
			name = Release;
		};
		408526112456318400D54AD4 /* Debug */ = {
			isa = XCBuildConfiguration;
			baseConfigurationReference = A09066467220B0D13175AB9A /* Pods-WatchPartyFinalTests.debug.xcconfig */;
			buildSettings = {
				ALWAYS_EMBED_SWIFT_STANDARD_LIBRARIES = YES;
				BUNDLE_LOADER = "$(TEST_HOST)";
				CODE_SIGN_STYLE = Automatic;
				INFOPLIST_FILE = WatchPartyFinalTests/Info.plist;
				IPHONEOS_DEPLOYMENT_TARGET = 13.4;
				LD_RUNPATH_SEARCH_PATHS = (
					"$(inherited)",
					"@executable_path/Frameworks",
					"@loader_path/Frameworks",
				);
				PRODUCT_BUNDLE_IDENTIFIER = WatchParty.WatchPartyFinalTests;
				PRODUCT_NAME = "$(TARGET_NAME)";
				SWIFT_VERSION = 5.0;
				TARGETED_DEVICE_FAMILY = "1,2";
				TEST_HOST = "$(BUILT_PRODUCTS_DIR)/WatchPartyFinal.app/WatchPartyFinal";
			};
			name = Debug;
		};
		408526122456318400D54AD4 /* Release */ = {
			isa = XCBuildConfiguration;
			baseConfigurationReference = 0EE9F89248E4FA29861E06B0 /* Pods-WatchPartyFinalTests.release.xcconfig */;
			buildSettings = {
				ALWAYS_EMBED_SWIFT_STANDARD_LIBRARIES = YES;
				BUNDLE_LOADER = "$(TEST_HOST)";
				CODE_SIGN_STYLE = Automatic;
				INFOPLIST_FILE = WatchPartyFinalTests/Info.plist;
				IPHONEOS_DEPLOYMENT_TARGET = 13.4;
				LD_RUNPATH_SEARCH_PATHS = (
					"$(inherited)",
					"@executable_path/Frameworks",
					"@loader_path/Frameworks",
				);
				PRODUCT_BUNDLE_IDENTIFIER = WatchParty.WatchPartyFinalTests;
				PRODUCT_NAME = "$(TARGET_NAME)";
				SWIFT_VERSION = 5.0;
				TARGETED_DEVICE_FAMILY = "1,2";
				TEST_HOST = "$(BUILT_PRODUCTS_DIR)/WatchPartyFinal.app/WatchPartyFinal";
			};
			name = Release;
		};
		408526142456318400D54AD4 /* Debug */ = {
			isa = XCBuildConfiguration;
			baseConfigurationReference = 43C7804B30F579594ABB8890 /* Pods-WatchPartyFinal-WatchPartyFinalUITests.debug.xcconfig */;
			buildSettings = {
				ALWAYS_EMBED_SWIFT_STANDARD_LIBRARIES = YES;
				CODE_SIGN_STYLE = Automatic;
				INFOPLIST_FILE = WatchPartyFinalUITests/Info.plist;
				LD_RUNPATH_SEARCH_PATHS = (
					"$(inherited)",
					"@executable_path/Frameworks",
					"@loader_path/Frameworks",
				);
				PRODUCT_BUNDLE_IDENTIFIER = WatchParty.WatchPartyFinalUITests;
				PRODUCT_NAME = "$(TARGET_NAME)";
				SWIFT_VERSION = 5.0;
				TARGETED_DEVICE_FAMILY = "1,2";
				TEST_TARGET_NAME = WatchPartyFinal;
			};
			name = Debug;
		};
		408526152456318400D54AD4 /* Release */ = {
			isa = XCBuildConfiguration;
			baseConfigurationReference = 286225293032398ABD911ACC /* Pods-WatchPartyFinal-WatchPartyFinalUITests.release.xcconfig */;
			buildSettings = {
				ALWAYS_EMBED_SWIFT_STANDARD_LIBRARIES = YES;
				CODE_SIGN_STYLE = Automatic;
				INFOPLIST_FILE = WatchPartyFinalUITests/Info.plist;
				LD_RUNPATH_SEARCH_PATHS = (
					"$(inherited)",
					"@executable_path/Frameworks",
					"@loader_path/Frameworks",
				);
				PRODUCT_BUNDLE_IDENTIFIER = WatchParty.WatchPartyFinalUITests;
				PRODUCT_NAME = "$(TARGET_NAME)";
				SWIFT_VERSION = 5.0;
				TARGETED_DEVICE_FAMILY = "1,2";
				TEST_TARGET_NAME = WatchPartyFinal;
			};
			name = Release;
		};
/* End XCBuildConfiguration section */

/* Begin XCConfigurationList section */
		408525DE2456318200D54AD4 /* Build configuration list for PBXProject "WatchPartyFinal" */ = {
			isa = XCConfigurationList;
			buildConfigurations = (
				4085260B2456318400D54AD4 /* Debug */,
				4085260C2456318400D54AD4 /* Release */,
			);
			defaultConfigurationIsVisible = 0;
			defaultConfigurationName = Release;
		};
		4085260D2456318400D54AD4 /* Build configuration list for PBXNativeTarget "WatchPartyFinal" */ = {
			isa = XCConfigurationList;
			buildConfigurations = (
				4085260E2456318400D54AD4 /* Debug */,
				4085260F2456318400D54AD4 /* Release */,
			);
			defaultConfigurationIsVisible = 0;
			defaultConfigurationName = Release;
		};
		408526102456318400D54AD4 /* Build configuration list for PBXNativeTarget "WatchPartyFinalTests" */ = {
			isa = XCConfigurationList;
			buildConfigurations = (
				408526112456318400D54AD4 /* Debug */,
				408526122456318400D54AD4 /* Release */,
			);
			defaultConfigurationIsVisible = 0;
			defaultConfigurationName = Release;
		};
		408526132456318400D54AD4 /* Build configuration list for PBXNativeTarget "WatchPartyFinalUITests" */ = {
			isa = XCConfigurationList;
			buildConfigurations = (
				408526142456318400D54AD4 /* Debug */,
				408526152456318400D54AD4 /* Release */,
			);
			defaultConfigurationIsVisible = 0;
			defaultConfigurationName = Release;
		};
/* End XCConfigurationList section */
	};
	rootObject = 408525DB2456318200D54AD4 /* Project object */;
}
